
Microsoft Visual Studio Solution File, Format Version 12.00
# Visual Studio 15
VisualStudioVersion = 15.0.28307.960
MinimumVisualStudioVersion = 10.0.40219.1
Project("{FAE04EC0-301F-11D3-BF4B-00C04F79EFBC}") = "nHydrate.Tools.PostgresImporter", "..\nHydrate.Tools.PostgresImporter\nHydrate.Tools.PostgresImporter.csproj", "{F7C27F08-AD94-4618-9472-D9DE66659854}"
EndProject
Global
	GlobalSection(SolutionConfigurationPlatforms) = preSolution
		Debug|Any CPU = Debug|Any CPU
		Release|Any CPU = Release|Any CPU
	EndGlobalSection
	GlobalSection(ProjectConfigurationPlatforms) = postSolution
		{F7C27F08-AD94-4618-9472-D9DE66659854}.Debug|Any CPU.ActiveCfg = Debug|Any CPU
		{F7C27F08-AD94-4618-9472-D9DE66659854}.Debug|Any CPU.Build.0 = Debug|Any CPU
		{F7C27F08-AD94-4618-9472-D9DE66659854}.Release|Any CPU.ActiveCfg = Release|Any CPU
		{F7C27F08-AD94-4618-9472-D9DE66659854}.Release|Any CPU.Build.0 = Release|Any CPU
	EndGlobalSection
	GlobalSection(SolutionProperties) = preSolution
		HideSolutionNode = FALSE
	EndGlobalSection
	GlobalSection(ExtensibilityGlobals) = postSolution
		SolutionGuid = {09E6FF6B-3DFB-4D9E-B959-1E27572DEA61}
	EndGlobalSection
EndGlobal
